
Microsoft Visual Studio Solution File, Format Version 12.00
# Visual Studio 14
VisualStudioVersion = 14.0.24720.0
MinimumVisualStudioVersion = 10.0.40219.1
Project("{FAE04EC0-301F-11D3-BF4B-00C04F79EFBC}") = "Cts.csw", "Cts.csw\Cts.csw.csproj", "{17720DCD-78F4-4A75-8916-EEAB304A1C64}"
EndProject
Global
	GlobalSection(SolutionConfigurationPlatforms) = preSolution
		Debug|Any CPU = Debug|Any CPU
		Release|Any CPU = Release|Any CPU
	EndGlobalSection
	GlobalSection(ProjectConfigurationPlatforms) = postSolution
		{17720DCD-78F4-4A75-8916-EEAB304A1C64}.Debug|Any CPU.ActiveCfg = Debug|Any CPU
		{17720DCD-78F4-4A75-8916-EEAB304A1C64}.Debug|Any CPU.Build.0 = Debug|Any CPU
		{17720DCD-78F4-4A75-8916-EEAB304A1C64}.Release|Any CPU.ActiveCfg = Release|Any CPU
		{17720DCD-78F4-4A75-8916-EEAB304A1C64}.Release|Any CPU.Build.0 = Release|Any CPU
	EndGlobalSection
	GlobalSection(SolutionProperties) = preSolution
		HideSolutionNode = FALSE
	EndGlobalSection
EndGlobal
